{
  "name": "demo",
  "lockfileVersion": 2,
  "requires": true,
  "packages": {
    "": {
      "devDependencies": {
        "prettier": "2.6.2",
        "prettier-plugin-java": "^1.6.1"
      }
    },
    "node_modules/chevrotain": {
      "version": "6.5.0",
      "resolved": "https://a.repo-k1.utv.rsv.se/artifactory/api/npm/skv-npm-virtual/chevrotain/-/chevrotain-6.5.0.tgz",
      "integrity": "sha1-3L70FVFrCvgP1CPMDZayjT8RN04=",
      "dev": true,
      "license": "Apache-2.0",
      "dependencies": {
        "regexp-to-ast": "0.4.0"
      }
    },
    "node_modules/java-parser": {
      "version": "2.0.1",
      "resolved": "https://a.repo-k1.utv.rsv.se/artifactory/api/npm/skv-npm-virtual/java-parser/-/java-parser-2.0.1.tgz",
      "integrity": "sha1-3IrwmpiepE60+P8aF2ln2viS8Mc=",
      "dev": true,
      "license": "Apache-2.0",
      "dependencies": {
        "chevrotain": "6.5.0",
        "lodash": "4.17.21"
      }
    },
    "node_modules/lodash": {
      "version": "4.17.21",
      "resolved": "https://a.repo-k1.utv.rsv.se/artifactory/api/npm/skv-npm-virtual/lodash/-/lodash-4.17.21.tgz",
      "integrity": "sha1-Z5WRxWTDv/quhFTPCz3zcMPWkRw=",
      "dev": true,
      "license": "MIT"
    },
    "node_modules/prettier": {
      "version": "2.6.2",
      "resolved": "https://a.repo-k1.utv.rsv.se/artifactory/api/npm/skv-npm-virtual/prettier/-/prettier-2.6.2.tgz",
      "integrity": "sha1-4m1xoYp0w9DwWX9V8B+2wGwgYDI=",
      "dev": true,
      "license": "MIT",
      "bin": {
        "prettier": "bin-prettier.js"
      },
      "engines": {
        "node": ">=10.13.0"
      },
      "funding": {
        "url": "https://github.com/prettier/prettier?sponsor=1"
      }
    },
    "node_modules/prettier-plugin-java": {
      "version": "1.6.1",
      "resolved": "https://a.repo-k1.utv.rsv.se/artifactory/api/npm/skv-npm-virtual/prettier-plugin-java/-/prettier-plugin-java-1.6.1.tgz",
      "integrity": "sha1-ZKg+01EGLT627kA+drgv8T9vU2k=",
      "dev": true,
      "license": "Apache-2.0",
      "dependencies": {
        "java-parser": "2.0.1",
        "lodash": "4.17.21",
        "prettier": "2.3.1"
      }
    },
    "node_modules/prettier-plugin-java/node_modules/prettier": {
      "version": "2.3.1",
      "resolved": "https://a.repo-k1.utv.rsv.se/artifactory/api/npm/skv-npm-virtual/prettier/-/prettier-2.3.1.tgz",
      "integrity": "sha1-dpA8P4xESbyaxZes76JNxa1MvqY=",
      "dev": true,
      "license": "MIT",
      "bin": {
        "prettier": "bin-prettier.js"
      },
      "engines": {
        "node": ">=10.13.0"
      }
    },
    "node_modules/regexp-to-ast": {
      "version": "0.4.0",
      "resolved": "https://a.repo-k1.utv.rsv.se/artifactory/api/npm/skv-npm-virtual/regexp-to-ast/-/regexp-to-ast-0.4.0.tgz",
      "integrity": "sha1-89vLQnJs1xkCulAZP2PqtTJc18s=",
      "dev": true,
      "license": "MIT"
    }
  },
  "dependencies": {
    "chevrotain": {
      "version": "6.5.0",
      "resolved": "https://a.repo-k1.utv.rsv.se/artifactory/api/npm/skv-npm-virtual/chevrotain/-/chevrotain-6.5.0.tgz",
      "integrity": "sha1-3L70FVFrCvgP1CPMDZayjT8RN04=",
      "dev": true,
      "requires": {
        "regexp-to-ast": "0.4.0"
      }
    },
    "java-parser": {
      "version": "2.0.1",
      "resolved": "https://a.repo-k1.utv.rsv.se/artifactory/api/npm/skv-npm-virtual/java-parser/-/java-parser-2.0.1.tgz",
      "integrity": "sha1-3IrwmpiepE60+P8aF2ln2viS8Mc=",
      "dev": true,
      "requires": {
        "chevrotain": "6.5.0",
        "lodash": "4.17.21"
      }
    },
    "lodash": {
      "version": "4.17.21",
      "resolved": "https://a.repo-k1.utv.rsv.se/artifactory/api/npm/skv-npm-virtual/lodash/-/lodash-4.17.21.tgz",
      "integrity": "sha1-Z5WRxWTDv/quhFTPCz3zcMPWkRw=",
      "dev": true
    },
    "prettier": {
      "version": "2.6.2",
      "resolved": "https://a.repo-k1.utv.rsv.se/artifactory/api/npm/skv-npm-virtual/prettier/-/prettier-2.6.2.tgz",
      "integrity": "sha1-4m1xoYp0w9DwWX9V8B+2wGwgYDI=",
      "dev": true
    },
    "prettier-plugin-java": {
      "version": "1.6.1",
      "resolved": "https://a.repo-k1.utv.rsv.se/artifactory/api/npm/skv-npm-virtual/prettier-plugin-java/-/prettier-plugin-java-1.6.1.tgz",
      "integrity": "sha1-ZKg+01EGLT627kA+drgv8T9vU2k=",
      "dev": true,
      "requires": {
        "java-parser": "2.0.1",
        "lodash": "4.17.21",
        "prettier": "2.3.1"
      },
      "dependencies": {
        "prettier": {
          "version": "2.3.1",
          "resolved": "https://a.repo-k1.utv.rsv.se/artifactory/api/npm/skv-npm-virtual/prettier/-/prettier-2.3.1.tgz",
          "integrity": "sha1-dpA8P4xESbyaxZes76JNxa1MvqY=",
          "dev": true
        }
      }
    },
    "regexp-to-ast": {
      "version": "0.4.0",
      "resolved": "https://a.repo-k1.utv.rsv.se/artifactory/api/npm/skv-npm-virtual/regexp-to-ast/-/regexp-to-ast-0.4.0.tgz",
      "integrity": "sha1-89vLQnJs1xkCulAZP2PqtTJc18s=",
      "dev": true
    }
  }
}
